
Microsoft Visual Studio Solution File, Format Version 12.00
# Visual Studio Version 17
VisualStudioVersion = 17.7.34031.279
MinimumVisualStudioVersion = 10.0.40219.1
Project("{FAE04EC0-301F-11D3-BF4B-00C04F79EFBC}") = "dit.services", "dit.services\dit.services.csproj", "{5BC1D309-CBB4-4A70-83C3-9A536E02152A}"
EndProject
Global
	GlobalSection(SolutionConfigurationPlatforms) = preSolution
		Debug|Any CPU = Debug|Any CPU
		Release|Any CPU = Release|Any CPU
	EndGlobalSection
	GlobalSection(ProjectConfigurationPlatforms) = postSolution
		{5BC1D309-CBB4-4A70-83C3-9A536E02152A}.Debug|Any CPU.ActiveCfg = Debug|Any CPU
		{5BC1D309-CBB4-4A70-83C3-9A536E02152A}.Debug|Any CPU.Build.0 = Debug|Any CPU
		{5BC1D309-CBB4-4A70-83C3-9A536E02152A}.Release|Any CPU.ActiveCfg = Release|Any CPU
		{5BC1D309-CBB4-4A70-83C3-9A536E02152A}.Release|Any CPU.Build.0 = Release|Any CPU
	EndGlobalSection
	GlobalSection(SolutionProperties) = preSolution
		HideSolutionNode = FALSE
	EndGlobalSection
	GlobalSection(ExtensibilityGlobals) = postSolution
		SolutionGuid = {CF679AC4-F535-4768-A75D-BA9042584844}
	EndGlobalSection
EndGlobal
